
Microsoft Visual Studio Solution File, Format Version 12.00
# Visual Studio Version 17
VisualStudioVersion = 17.5.33516.290
MinimumVisualStudioVersion = 10.0.40219.1
Project("{FAE04EC0-301F-11D3-BF4B-00C04F79EFBC}") = "Minecraft Server Create Helper", "Minecraft Server Create Helper\Minecraft Server Create Helper.csproj", "{F4691ECD-485B-4482-AB60-56125AA769BE}"
EndProject
Global
	GlobalSection(SolutionConfigurationPlatforms) = preSolution
		Debug|Any CPU = Debug|Any CPU
		Release|Any CPU = Release|Any CPU
	EndGlobalSection
	GlobalSection(ProjectConfigurationPlatforms) = postSolution
		{F4691ECD-485B-4482-AB60-56125AA769BE}.Debug|Any CPU.ActiveCfg = Debug|Any CPU
		{F4691ECD-485B-4482-AB60-56125AA769BE}.Debug|Any CPU.Build.0 = Debug|Any CPU
		{F4691ECD-485B-4482-AB60-56125AA769BE}.Release|Any CPU.ActiveCfg = Release|Any CPU
		{F4691ECD-485B-4482-AB60-56125AA769BE}.Release|Any CPU.Build.0 = Release|Any CPU
	EndGlobalSection
	GlobalSection(SolutionProperties) = preSolution
		HideSolutionNode = FALSE
	EndGlobalSection
	GlobalSection(ExtensibilityGlobals) = postSolution
		SolutionGuid = {E1B169D8-D194-4065-AF94-F6B6AD770D7D}
	EndGlobalSection
EndGlobal
